{
  "version": 4,
  "terraform_version": "0.14.5",
  "serial": 4,
  "lineage": "c546d155-3c54-173d-0720-5d454b76549f",
  "outputs": {
    "sample": {
      "value": {
        "ball_color": "red",
        "id": "/tmp/state_tree",
        "light_color": "default",
        "path": "/tmp/state_tree",
        "star_color": "default"
      },
      "type": [
        "object",
        {
          "ball_color": "string",
          "id": "string",
          "light_color": "string",
          "path": "string",
          "star_color": "string"
        }
      ]
    }
  },
  "resources": [
    {
      "mode": "data",
      "type": "terraform_remote_state",
      "name": "admin",
      "provider": "provider[\"terraform.io/builtin/terraform\"]",
      "instances": [
        {
          "schema_version": 0,
          "attributes": {
            "backend": "local",
            "config": {
              "value": {
                "path": "../vault-admin/terraform.tfstate"
              },
              "type": [
                "object",
                {
                  "path": "string"
                }
              ]
            },
            "defaults": null,
            "outputs": {
              "value": {
                "ball_color": "red"
              },
              "type": [
                "object",
                {
                  "ball_color": "string"
                }
              ]
            },
            "workspace": null
          },
          "sensitive_attributes": []
        }
      ]
    },
    {
      "mode": "managed",
      "type": "christmas-tree",
      "name": "tree",
      "provider": "provider[\"registry.terraform.io/cappyzawa/christmas-tree\"]",
      "instances": [
        {
          "schema_version": 0,
          "attributes": {
            "ball_color": "red",
            "id": "/tmp/state_tree",
            "light_color": "default",
            "path": "/tmp/state_tree",
            "star_color": "default"
          },
          "sensitive_attributes": [],
          "private": "bnVsbA==",
          "dependencies": [
            "data.terraform_remote_state.admin"
          ]
        }
      ]
    }
  ]
}
