{
  "version": 4,
  "terraform_version": "0.14.5",
  "serial": 1,
  "lineage": "4aac5bbd-2c0b-31c1-8b07-8b7685f770b0",
  "outputs": {},
  "resources": [
    {
      "mode": "managed",
      "type": "christmas-tree",
      "name": "sample",
      "provider": "provider[\"registry.terraform.io/cappyzawa/christmas-tree\"]",
      "instances": [
        {
          "schema_version": 0,
          "attributes": {
            "ball_color": "yellow",
            "id": "/tmp/example",
            "light_color": "default",
            "path": "/tmp/example",
            "star_color": "default"
          },
          "sensitive_attributes": [
            [
              {
                "type": "get_attr",
                "value": "ball_color"
              }
            ]
          ],
          "private": "bnVsbA=="
        }
      ]
    }
  ]
}
